// !$*UTF8*$!
{
	archiveVersion = 1;
	classes = {
	};
	objectVersion = 46;
	objects = {

/* Begin PBXBuildFile section */
		030BF6AB1AD3080800F804C5 /* Model.xcdatamodeld in Sources */ = {isa = PBXBuildFile; fileRef = 030BF6A91AD3080800F804C5 /* Model.xcdatamodeld */; };
		03756BB81AE11EA400B4AA20 /* ManagedObjectContextExtension.swift in Sources */ = {isa = PBXBuildFile; fileRef = 03756BB31AE11EA400B4AA20 /* ManagedObjectContextExtension.swift */; };
		03756BB91AE11EA400B4AA20 /* ContextManager.swift in Sources */ = {isa = PBXBuildFile; fileRef = 03756BB41AE11EA400B4AA20 /* ContextManager.swift */; };
		03756BBA1AE11EA400B4AA20 /* ManagedObjectExtension.swift in Sources */ = {isa = PBXBuildFile; fileRef = 03756BB61AE11EA400B4AA20 /* ManagedObjectExtension.swift */; };
		03756BBB1AE11EA400B4AA20 /* RequestSet.swift in Sources */ = {isa = PBXBuildFile; fileRef = 03756BB71AE11EA400B4AA20 /* RequestSet.swift */; };
		03756BC31AE11EB000B4AA20 /* TestManagedObjectContextExtension.swift in Sources */ = {isa = PBXBuildFile; fileRef = 03756BBE1AE11EB000B4AA20 /* TestManagedObjectContextExtension.swift */; };
		03756BC41AE11EB000B4AA20 /* StubObject.swift in Sources */ = {isa = PBXBuildFile; fileRef = 03756BC11AE11EB000B4AA20 /* StubObject.swift */; };
		03756BC51AE11EB000B4AA20 /* TestContextManager.swift in Sources */ = {isa = PBXBuildFile; fileRef = 03756BC21AE11EB000B4AA20 /* TestContextManager.swift */; };
		03756BC71AE11F1100B4AA20 /* TestManagedObjectContext.swift in Sources */ = {isa = PBXBuildFile; fileRef = 03756BC61AE11F1100B4AA20 /* TestManagedObjectContext.swift */; };
		03756BC91AE120A900B4AA20 /* TestRequestSet.swift in Sources */ = {isa = PBXBuildFile; fileRef = 03756BC81AE120A900B4AA20 /* TestRequestSet.swift */; };
		03756BCC1AE121A900B4AA20 /* CoreDataTestCase.swift in Sources */ = {isa = PBXBuildFile; fileRef = 03756BCB1AE121A900B4AA20 /* CoreDataTestCase.swift */; };
		03CE355C1AD2A6E30082AB52 /* THCCoreData.h in Headers */ = {isa = PBXBuildFile; fileRef = 03CE355B1AD2A6E30082AB52 /* THCCoreData.h */; settings = {ATTRIBUTES = (Public, ); }; };
		03FBA0CD1AD321E2004FE0AE /* THCCoreData.framework in Frameworks */ = {isa = PBXBuildFile; fileRef = 03CE35561AD2A6E30082AB52 /* THCCoreData.framework */; };
/* End PBXBuildFile section */

/* Begin PBXFileReference section */
		030BF6AA1AD3080800F804C5 /* Model.xcdatamodel */ = {isa = PBXFileReference; lastKnownFileType = wrapper.xcdatamodel; path = Model.xcdatamodel; sourceTree = "<group>"; };
		030BF6B21AD31DEB00F804C5 /* Pods.framework */ = {isa = PBXFileReference; lastKnownFileType = wrapper.framework; name = Pods.framework; path = "Pods/../build/Release-iphoneos/Pods.framework"; sourceTree = "<group>"; };
		030BF6B41AD31E1C00F804C5 /* Pods.framework */ = {isa = PBXFileReference; lastKnownFileType = wrapper.framework; name = Pods.framework; path = "Pods/../build/Release-iphoneos/Pods.framework"; sourceTree = "<group>"; };
		03756BB31AE11EA400B4AA20 /* ManagedObjectContextExtension.swift */ = {isa = PBXFileReference; fileEncoding = 4; lastKnownFileType = sourcecode.swift; path = ManagedObjectContextExtension.swift; sourceTree = "<group>"; };
		03756BB41AE11EA400B4AA20 /* ContextManager.swift */ = {isa = PBXFileReference; fileEncoding = 4; lastKnownFileType = sourcecode.swift; path = ContextManager.swift; sourceTree = "<group>"; };
		03756BB61AE11EA400B4AA20 /* ManagedObjectExtension.swift */ = {isa = PBXFileReference; fileEncoding = 4; lastKnownFileType = sourcecode.swift; path = ManagedObjectExtension.swift; sourceTree = "<group>"; };
		03756BB71AE11EA400B4AA20 /* RequestSet.swift */ = {isa = PBXFileReference; fileEncoding = 4; lastKnownFileType = sourcecode.swift; path = RequestSet.swift; sourceTree = "<group>"; };
		03756BBE1AE11EB000B4AA20 /* TestManagedObjectContextExtension.swift */ = {isa = PBXFileReference; fileEncoding = 4; lastKnownFileType = sourcecode.swift; path = TestManagedObjectContextExtension.swift; sourceTree = "<group>"; };
		03756BC11AE11EB000B4AA20 /* StubObject.swift */ = {isa = PBXFileReference; fileEncoding = 4; lastKnownFileType = sourcecode.swift; path = StubObject.swift; sourceTree = "<group>"; };
		03756BC21AE11EB000B4AA20 /* TestContextManager.swift */ = {isa = PBXFileReference; fileEncoding = 4; lastKnownFileType = sourcecode.swift; path = TestContextManager.swift; sourceTree = "<group>"; };
		03756BC61AE11F1100B4AA20 /* TestManagedObjectContext.swift */ = {isa = PBXFileReference; fileEncoding = 4; lastKnownFileType = sourcecode.swift; path = TestManagedObjectContext.swift; sourceTree = "<group>"; };
		03756BC81AE120A900B4AA20 /* TestRequestSet.swift */ = {isa = PBXFileReference; fileEncoding = 4; lastKnownFileType = sourcecode.swift; path = TestRequestSet.swift; sourceTree = "<group>"; };
		03756BCB1AE121A900B4AA20 /* CoreDataTestCase.swift */ = {isa = PBXFileReference; fileEncoding = 4; lastKnownFileType = sourcecode.swift; path = CoreDataTestCase.swift; sourceTree = "<group>"; };
		03A11DB01AD3257100D87610 /* Pods_THCCoreData.framework */ = {isa = PBXFileReference; lastKnownFileType = wrapper.framework; name = Pods_THCCoreData.framework; path = "Pods/../build/Debug-iphoneos/Pods_THCCoreData.framework"; sourceTree = "<group>"; };
		03CE35561AD2A6E30082AB52 /* THCCoreData.framework */ = {isa = PBXFileReference; explicitFileType = wrapper.framework; includeInIndex = 0; path = THCCoreData.framework; sourceTree = BUILT_PRODUCTS_DIR; };
		03CE355A1AD2A6E30082AB52 /* Info.plist */ = {isa = PBXFileReference; lastKnownFileType = text.plist.xml; path = Info.plist; sourceTree = "<group>"; };
		03CE355B1AD2A6E30082AB52 /* THCCoreData.h */ = {isa = PBXFileReference; lastKnownFileType = sourcecode.c.h; path = THCCoreData.h; sourceTree = "<group>"; };
		03CE35611AD2A6E30082AB52 /* THCCoreDataTests.xctest */ = {isa = PBXFileReference; explicitFileType = wrapper.cfbundle; includeInIndex = 0; path = THCCoreDataTests.xctest; sourceTree = BUILT_PRODUCTS_DIR; };
		03CE35671AD2A6E30082AB52 /* Info.plist */ = {isa = PBXFileReference; lastKnownFileType = text.plist.xml; path = Info.plist; sourceTree = "<group>"; };
		34AA241D9817D441194720DE /* Pods-THCCoreData.release.xcconfig */ = {isa = PBXFileReference; includeInIndex = 1; lastKnownFileType = text.xcconfig; name = "Pods-THCCoreData.release.xcconfig"; path = "Pods/Target Support Files/Pods-THCCoreData/Pods-THCCoreData.release.xcconfig"; sourceTree = "<group>"; };
		3736F234333EE28F0D08503B /* Pods.release.xcconfig */ = {isa = PBXFileReference; includeInIndex = 1; lastKnownFileType = text.xcconfig; name = Pods.release.xcconfig; path = "Pods/Target Support Files/Pods/Pods.release.xcconfig"; sourceTree = "<group>"; };
		5CADA650457230C11C7F2347 /* Pods-THCCoreData.debug.xcconfig */ = {isa = PBXFileReference; includeInIndex = 1; lastKnownFileType = text.xcconfig; name = "Pods-THCCoreData.debug.xcconfig"; path = "Pods/Target Support Files/Pods-THCCoreData/Pods-THCCoreData.debug.xcconfig"; sourceTree = "<group>"; };
		8240BB53434954CD625502AC /* Pods.debug.xcconfig */ = {isa = PBXFileReference; includeInIndex = 1; lastKnownFileType = text.xcconfig; name = Pods.debug.xcconfig; path = "Pods/Target Support Files/Pods/Pods.debug.xcconfig"; sourceTree = "<group>"; };
		86621673906DE1B3793DBCD6 /* Pods_THCCoreData.framework */ = {isa = PBXFileReference; explicitFileType = wrapper.framework; includeInIndex = 0; path = Pods_THCCoreData.framework; sourceTree = BUILT_PRODUCTS_DIR; };
		BD353C8542615F5447B1FF3C /* Pods.framework */ = {isa = PBXFileReference; explicitFileType = wrapper.framework; includeInIndex = 0; path = Pods.framework; sourceTree = BUILT_PRODUCTS_DIR; };
/* End PBXFileReference section */

/* Begin PBXFrameworksBuildPhase section */
		03CE35521AD2A6E30082AB52 /* Frameworks */ = {
			isa = PBXFrameworksBuildPhase;
			buildActionMask = 2147483647;
			files = (
			);
			runOnlyForDeploymentPostprocessing = 0;
		};
		03CE355E1AD2A6E30082AB52 /* Frameworks */ = {
			isa = PBXFrameworksBuildPhase;
			buildActionMask = 2147483647;
			files = (
				03FBA0CD1AD321E2004FE0AE /* THCCoreData.framework in Frameworks */,
			);
			runOnlyForDeploymentPostprocessing = 0;
		};
/* End PBXFrameworksBuildPhase section */

/* Begin PBXGroup section */
		030BF6A81AD307EE00F804C5 /* Resources */ = {
			isa = PBXGroup;
			children = (
				030BF6A91AD3080800F804C5 /* Model.xcdatamodeld */,
			);
			path = Resources;
			sourceTree = "<group>";
		};
		03756BB11AE11EA400B4AA20 /* Source */ = {
			isa = PBXGroup;
			children = (
				03756BB21AE11EA400B4AA20 /* Context */,
				03756BB41AE11EA400B4AA20 /* ContextManager.swift */,
				03756BB51AE11EA400B4AA20 /* ManagedObject */,
			);
			path = Source;
			sourceTree = "<group>";
		};
		03756BB21AE11EA400B4AA20 /* Context */ = {
			isa = PBXGroup;
			children = (
				03756BB31AE11EA400B4AA20 /* ManagedObjectContextExtension.swift */,
			);
			path = Context;
			sourceTree = "<group>";
		};
		03756BB51AE11EA400B4AA20 /* ManagedObject */ = {
			isa = PBXGroup;
			children = (
				03756BB61AE11EA400B4AA20 /* ManagedObjectExtension.swift */,
				03756BB71AE11EA400B4AA20 /* RequestSet.swift */,
			);
			path = ManagedObject;
			sourceTree = "<group>";
		};
		03756BBC1AE11EB000B4AA20 /* Source */ = {
			isa = PBXGroup;
			children = (
				03756BCA1AE1218B00B4AA20 /* TestUtils */,
				03756BBD1AE11EB000B4AA20 /* Context */,
				03756BBF1AE11EB000B4AA20 /* ManagedObject */,
				03756BC01AE11EB000B4AA20 /* Stubs */,
				03756BC21AE11EB000B4AA20 /* TestContextManager.swift */,
			);
			path = Source;
			sourceTree = "<group>";
		};
		03756BBD1AE11EB000B4AA20 /* Context */ = {
			isa = PBXGroup;
			children = (
				03756BBE1AE11EB000B4AA20 /* TestManagedObjectContextExtension.swift */,
			);
			path = Context;
			sourceTree = "<group>";
		};
		03756BBF1AE11EB000B4AA20 /* ManagedObject */ = {
			isa = PBXGroup;
			children = (
				03756BC61AE11F1100B4AA20 /* TestManagedObjectContext.swift */,
				03756BC81AE120A900B4AA20 /* TestRequestSet.swift */,
			);
			path = ManagedObject;
			sourceTree = "<group>";
		};
		03756BC01AE11EB000B4AA20 /* Stubs */ = {
			isa = PBXGroup;
			children = (
				03756BC11AE11EB000B4AA20 /* StubObject.swift */,
			);
			path = Stubs;
			sourceTree = "<group>";
		};
		03756BCA1AE1218B00B4AA20 /* TestUtils */ = {
			isa = PBXGroup;
			children = (
				03756BCB1AE121A900B4AA20 /* CoreDataTestCase.swift */,
			);
			path = TestUtils;
			sourceTree = "<group>";
		};
		03CE354C1AD2A6E30082AB52 = {
			isa = PBXGroup;
			children = (
				03CE35581AD2A6E30082AB52 /* THCCoreData */,
				03CE35651AD2A6E30082AB52 /* THCCoreDataTests */,
				03CE35571AD2A6E30082AB52 /* Products */,
				1D79BCF8B9F59355A46B48C0 /* Pods */,
				CCC541EEA131F135F3071F10 /* Frameworks */,
			);
			sourceTree = "<group>";
		};
		03CE35571AD2A6E30082AB52 /* Products */ = {
			isa = PBXGroup;
			children = (
				03CE35561AD2A6E30082AB52 /* THCCoreData.framework */,
				03CE35611AD2A6E30082AB52 /* THCCoreDataTests.xctest */,
			);
			name = Products;
			sourceTree = "<group>";
		};
		03CE35581AD2A6E30082AB52 /* THCCoreData */ = {
			isa = PBXGroup;
			children = (
				03756BB11AE11EA400B4AA20 /* Source */,
				03CE355B1AD2A6E30082AB52 /* THCCoreData.h */,
				03CE35591AD2A6E30082AB52 /* Supporting Files */,
			);
			path = THCCoreData;
			sourceTree = "<group>";
		};
		03CE35591AD2A6E30082AB52 /* Supporting Files */ = {
			isa = PBXGroup;
			children = (
				03CE355A1AD2A6E30082AB52 /* Info.plist */,
			);
			name = "Supporting Files";
			sourceTree = "<group>";
		};
		03CE35651AD2A6E30082AB52 /* THCCoreDataTests */ = {
			isa = PBXGroup;
			children = (
				03756BBC1AE11EB000B4AA20 /* Source */,
				030BF6A81AD307EE00F804C5 /* Resources */,
				03CE35661AD2A6E30082AB52 /* Supporting Files */,
			);
			path = THCCoreDataTests;
			sourceTree = "<group>";
		};
		03CE35661AD2A6E30082AB52 /* Supporting Files */ = {
			isa = PBXGroup;
			children = (
				03CE35671AD2A6E30082AB52 /* Info.plist */,
			);
			name = "Supporting Files";
			sourceTree = "<group>";
		};
		1D79BCF8B9F59355A46B48C0 /* Pods */ = {
			isa = PBXGroup;
			children = (
				5CADA650457230C11C7F2347 /* Pods-THCCoreData.debug.xcconfig */,
				34AA241D9817D441194720DE /* Pods-THCCoreData.release.xcconfig */,
				8240BB53434954CD625502AC /* Pods.debug.xcconfig */,
				3736F234333EE28F0D08503B /* Pods.release.xcconfig */,
			);
			name = Pods;
			sourceTree = "<group>";
		};
		CCC541EEA131F135F3071F10 /* Frameworks */ = {
			isa = PBXGroup;
			children = (
				03A11DB01AD3257100D87610 /* Pods_THCCoreData.framework */,
				030BF6B41AD31E1C00F804C5 /* Pods.framework */,
				030BF6B21AD31DEB00F804C5 /* Pods.framework */,
				86621673906DE1B3793DBCD6 /* Pods_THCCoreData.framework */,
				BD353C8542615F5447B1FF3C /* Pods.framework */,
			);
			name = Frameworks;
			sourceTree = "<group>";
		};
/* End PBXGroup section */

/* Begin PBXHeadersBuildPhase section */
		03CE35531AD2A6E30082AB52 /* Headers */ = {
			isa = PBXHeadersBuildPhase;
			buildActionMask = 2147483647;
			files = (
				03CE355C1AD2A6E30082AB52 /* THCCoreData.h in Headers */,
			);
			runOnlyForDeploymentPostprocessing = 0;
		};
/* End PBXHeadersBuildPhase section */

/* Begin PBXNativeTarget section */
		03CE35551AD2A6E30082AB52 /* THCCoreData */ = {
			isa = PBXNativeTarget;
			buildConfigurationList = 03CE356C1AD2A6E30082AB52 /* Build configuration list for PBXNativeTarget "THCCoreData" */;
			buildPhases = (
				03CE35511AD2A6E30082AB52 /* Sources */,
				03CE35521AD2A6E30082AB52 /* Frameworks */,
				03CE35531AD2A6E30082AB52 /* Headers */,
				03CE35541AD2A6E30082AB52 /* Resources */,
			);
			buildRules = (
			);
			dependencies = (
			);
			name = THCCoreData;
			productName = THCCoreData;
			productReference = 03CE35561AD2A6E30082AB52 /* THCCoreData.framework */;
			productType = "com.apple.product-type.framework";
		};
		03CE35601AD2A6E30082AB52 /* THCCoreDataTests */ = {
			isa = PBXNativeTarget;
			buildConfigurationList = 03CE356F1AD2A6E30082AB52 /* Build configuration list for PBXNativeTarget "THCCoreDataTests" */;
			buildPhases = (
				03CE355D1AD2A6E30082AB52 /* Sources */,
				03CE355E1AD2A6E30082AB52 /* Frameworks */,
				03CE355F1AD2A6E30082AB52 /* Resources */,
			);
			buildRules = (
			);
			dependencies = (
			);
			name = THCCoreDataTests;
			productName = THCCoreDataTests;
			productReference = 03CE35611AD2A6E30082AB52 /* THCCoreDataTests.xctest */;
			productType = "com.apple.product-type.bundle.unit-test";
		};
/* End PBXNativeTarget section */

/* Begin PBXProject section */
		03CE354D1AD2A6E30082AB52 /* Project object */ = {
			isa = PBXProject;
			attributes = {
				LastUpgradeCheck = 0620;
				ORGANIZATIONNAME = Thinc;
				TargetAttributes = {
					03CE35551AD2A6E30082AB52 = {
						CreatedOnToolsVersion = 6.2;
					};
					03CE35601AD2A6E30082AB52 = {
						CreatedOnToolsVersion = 6.2;
					};
				};
			};
			buildConfigurationList = 03CE35501AD2A6E30082AB52 /* Build configuration list for PBXProject "THCCoreData" */;
			compatibilityVersion = "Xcode 3.2";
			developmentRegion = English;
			hasScannedForEncodings = 0;
			knownRegions = (
				en,
			);
			mainGroup = 03CE354C1AD2A6E30082AB52;
			productRefGroup = 03CE35571AD2A6E30082AB52 /* Products */;
			projectDirPath = "";
			projectRoot = "";
			targets = (
				03CE35551AD2A6E30082AB52 /* THCCoreData */,
				03CE35601AD2A6E30082AB52 /* THCCoreDataTests */,
			);
		};
/* End PBXProject section */

/* Begin PBXResourcesBuildPhase section */
		03CE35541AD2A6E30082AB52 /* Resources */ = {
			isa = PBXResourcesBuildPhase;
			buildActionMask = 2147483647;
			files = (
			);
			runOnlyForDeploymentPostprocessing = 0;
		};
		03CE355F1AD2A6E30082AB52 /* Resources */ = {
			isa = PBXResourcesBuildPhase;
			buildActionMask = 2147483647;
			files = (
			);
			runOnlyForDeploymentPostprocessing = 0;
		};
/* End PBXResourcesBuildPhase section */

/* Begin PBXSourcesBuildPhase section */
		03CE35511AD2A6E30082AB52 /* Sources */ = {
			isa = PBXSourcesBuildPhase;
			buildActionMask = 2147483647;
			files = (
				03756BBB1AE11EA400B4AA20 /* RequestSet.swift in Sources */,
				03756BBA1AE11EA400B4AA20 /* ManagedObjectExtension.swift in Sources */,
				03756BB81AE11EA400B4AA20 /* ManagedObjectContextExtension.swift in Sources */,
				03756BB91AE11EA400B4AA20 /* ContextManager.swift in Sources */,
			);
			runOnlyForDeploymentPostprocessing = 0;
		};
		03CE355D1AD2A6E30082AB52 /* Sources */ = {
			isa = PBXSourcesBuildPhase;
			buildActionMask = 2147483647;
			files = (
				03756BC91AE120A900B4AA20 /* TestRequestSet.swift in Sources */,
				03756BC31AE11EB000B4AA20 /* TestManagedObjectContextExtension.swift in Sources */,
				030BF6AB1AD3080800F804C5 /* Model.xcdatamodeld in Sources */,
				03756BC71AE11F1100B4AA20 /* TestManagedObjectContext.swift in Sources */,
				03756BC41AE11EB000B4AA20 /* StubObject.swift in Sources */,
				03756BCC1AE121A900B4AA20 /* CoreDataTestCase.swift in Sources */,
				03756BC51AE11EB000B4AA20 /* TestContextManager.swift in Sources */,
			);
			runOnlyForDeploymentPostprocessing = 0;
		};
/* End PBXSourcesBuildPhase section */

/* Begin XCBuildConfiguration section */
		03CE356A1AD2A6E30082AB52 /* Debug */ = {
			isa = XCBuildConfiguration;
			buildSettings = {
				ALWAYS_SEARCH_USER_PATHS = NO;
				CLANG_CXX_LANGUAGE_STANDARD = "gnu++0x";
				CLANG_CXX_LIBRARY = "libc++";
				CLANG_ENABLE_MODULES = YES;
				CLANG_ENABLE_OBJC_ARC = YES;
				CLANG_WARN_BOOL_CONVERSION = YES;
				CLANG_WARN_CONSTANT_CONVERSION = YES;
				CLANG_WARN_DIRECT_OBJC_ISA_USAGE = YES_ERROR;
				CLANG_WARN_EMPTY_BODY = YES;
				CLANG_WARN_ENUM_CONVERSION = YES;
				CLANG_WARN_INT_CONVERSION = YES;
				CLANG_WARN_OBJC_ROOT_CLASS = YES_ERROR;
				CLANG_WARN_UNREACHABLE_CODE = YES;
				CLANG_WARN__DUPLICATE_METHOD_MATCH = YES;
				"CODE_SIGN_IDENTITY[sdk=iphoneos*]" = "iPhone Developer";
				COPY_PHASE_STRIP = NO;
				CURRENT_PROJECT_VERSION = 1;
				EMBEDDED_CONTENT_CONTAINS_SWIFT = NO;
				ENABLE_STRICT_OBJC_MSGSEND = YES;
				GCC_C_LANGUAGE_STANDARD = gnu99;
				GCC_DYNAMIC_NO_PIC = NO;
				GCC_OPTIMIZATION_LEVEL = 0;
				GCC_PREPROCESSOR_DEFINITIONS = (
					"DEBUG=1",
					"$(inherited)",
				);
				GCC_SYMBOLS_PRIVATE_EXTERN = NO;
				GCC_WARN_64_TO_32_BIT_CONVERSION = YES;
				GCC_WARN_ABOUT_RETURN_TYPE = YES_ERROR;
				GCC_WARN_UNDECLARED_SELECTOR = YES;
				GCC_WARN_UNINITIALIZED_AUTOS = YES_AGGRESSIVE;
				GCC_WARN_UNUSED_FUNCTION = YES;
				GCC_WARN_UNUSED_VARIABLE = YES;
				IPHONEOS_DEPLOYMENT_TARGET = 8.0;
				MTL_ENABLE_DEBUG_INFO = YES;
				ONLY_ACTIVE_ARCH = YES;
				SDKROOT = iphoneos;
				SWIFT_OPTIMIZATION_LEVEL = "-Onone";
				TARGETED_DEVICE_FAMILY = "1,2";
				VERSIONING_SYSTEM = "apple-generic";
				VERSION_INFO_PREFIX = "";
			};
			name = Debug;
		};
		03CE356B1AD2A6E30082AB52 /* Release */ = {
			isa = XCBuildConfiguration;
			buildSettings = {
				ALWAYS_SEARCH_USER_PATHS = NO;
				CLANG_CXX_LANGUAGE_STANDARD = "gnu++0x";
				CLANG_CXX_LIBRARY = "libc++";
				CLANG_ENABLE_MODULES = YES;
				CLANG_ENABLE_OBJC_ARC = YES;
				CLANG_WARN_BOOL_CONVERSION = YES;
				CLANG_WARN_CONSTANT_CONVERSION = YES;
				CLANG_WARN_DIRECT_OBJC_ISA_USAGE = YES_ERROR;
				CLANG_WARN_EMPTY_BODY = YES;
				CLANG_WARN_ENUM_CONVERSION = YES;
				CLANG_WARN_INT_CONVERSION = YES;
				CLANG_WARN_OBJC_ROOT_CLASS = YES_ERROR;
				CLANG_WARN_UNREACHABLE_CODE = YES;
				CLANG_WARN__DUPLICATE_METHOD_MATCH = YES;
				"CODE_SIGN_IDENTITY[sdk=iphoneos*]" = "iPhone Developer";
				COPY_PHASE_STRIP = NO;
				CURRENT_PROJECT_VERSION = 1;
				EMBEDDED_CONTENT_CONTAINS_SWIFT = NO;
				ENABLE_NS_ASSERTIONS = NO;
				ENABLE_STRICT_OBJC_MSGSEND = YES;
				GCC_C_LANGUAGE_STANDARD = gnu99;
				GCC_WARN_64_TO_32_BIT_CONVERSION = YES;
				GCC_WARN_ABOUT_RETURN_TYPE = YES_ERROR;
				GCC_WARN_UNDECLARED_SELECTOR = YES;
				GCC_WARN_UNINITIALIZED_AUTOS = YES_AGGRESSIVE;
				GCC_WARN_UNUSED_FUNCTION = YES;
				GCC_WARN_UNUSED_VARIABLE = YES;
				IPHONEOS_DEPLOYMENT_TARGET = 8.0;
				MTL_ENABLE_DEBUG_INFO = NO;
				SDKROOT = iphoneos;
				TARGETED_DEVICE_FAMILY = "1,2";
				VALIDATE_PRODUCT = YES;
				VERSIONING_SYSTEM = "apple-generic";
				VERSION_INFO_PREFIX = "";
			};
			name = Release;
		};
		03CE356D1AD2A6E30082AB52 /* Debug */ = {
			isa = XCBuildConfiguration;
			buildSettings = {
				DEFINES_MODULE = YES;
				DYLIB_COMPATIBILITY_VERSION = 1;
				DYLIB_CURRENT_VERSION = 1;
				DYLIB_INSTALL_NAME_BASE = "@rpath";
				FRAMEWORK_SEARCH_PATHS = "$(inherited)";
				INFOPLIST_FILE = THCCoreData/Info.plist;
				INSTALL_PATH = "$(LOCAL_LIBRARY_DIR)/Frameworks";
				LD_RUNPATH_SEARCH_PATHS = "$(inherited) @executable_path/Frameworks @loader_path/Frameworks";
				PRODUCT_NAME = "$(TARGET_NAME)";
				SKIP_INSTALL = YES;
			};
			name = Debug;
		};
		03CE356E1AD2A6E30082AB52 /* Release */ = {
			isa = XCBuildConfiguration;
			buildSettings = {
				DEFINES_MODULE = YES;
				DYLIB_COMPATIBILITY_VERSION = 1;
				DYLIB_CURRENT_VERSION = 1;
				DYLIB_INSTALL_NAME_BASE = "@rpath";
				FRAMEWORK_SEARCH_PATHS = "$(inherited)";
				INFOPLIST_FILE = THCCoreData/Info.plist;
				INSTALL_PATH = "$(LOCAL_LIBRARY_DIR)/Frameworks";
				LD_RUNPATH_SEARCH_PATHS = "$(inherited) @executable_path/Frameworks @loader_path/Frameworks";
				PRODUCT_NAME = "$(TARGET_NAME)";
				SKIP_INSTALL = YES;
			};
			name = Release;
		};
		03CE35701AD2A6E30082AB52 /* Debug */ = {
			isa = XCBuildConfiguration;
			buildSettings = {
				GCC_PREPROCESSOR_DEFINITIONS = (
					"DEBUG=1",
					"$(inherited)",
				);
				INFOPLIST_FILE = THCCoreDataTests/Info.plist;
				LD_RUNPATH_SEARCH_PATHS = "$(inherited) @executable_path/Frameworks @loader_path/Frameworks";
				PRODUCT_NAME = "$(TARGET_NAME)";
			};
			name = Debug;
		};
		03CE35711AD2A6E30082AB52 /* Release */ = {
			isa = XCBuildConfiguration;
			buildSettings = {
				INFOPLIST_FILE = THCCoreDataTests/Info.plist;
				LD_RUNPATH_SEARCH_PATHS = "$(inherited) @executable_path/Frameworks @loader_path/Frameworks";
				PRODUCT_NAME = "$(TARGET_NAME)";
			};
			name = Release;
		};
/* End XCBuildConfiguration section */

/* Begin XCConfigurationList section */
		03CE35501AD2A6E30082AB52 /* Build configuration list for PBXProject "THCCoreData" */ = {
			isa = XCConfigurationList;
			buildConfigurations = (
				03CE356A1AD2A6E30082AB52 /* Debug */,
				03CE356B1AD2A6E30082AB52 /* Release */,
			);
			defaultConfigurationIsVisible = 0;
			defaultConfigurationName = Release;
		};
		03CE356C1AD2A6E30082AB52 /* Build configuration list for PBXNativeTarget "THCCoreData" */ = {
			isa = XCConfigurationList;
			buildConfigurations = (
				03CE356D1AD2A6E30082AB52 /* Debug */,
				03CE356E1AD2A6E30082AB52 /* Release */,
			);
			defaultConfigurationIsVisible = 0;
			defaultConfigurationName = Release;
		};
		03CE356F1AD2A6E30082AB52 /* Build configuration list for PBXNativeTarget "THCCoreDataTests" */ = {
			isa = XCConfigurationList;
			buildConfigurations = (
				03CE35701AD2A6E30082AB52 /* Debug */,
				03CE35711AD2A6E30082AB52 /* Release */,
			);
			defaultConfigurationIsVisible = 0;
			defaultConfigurationName = Release;
		};
/* End XCConfigurationList section */

/* Begin XCVersionGroup section */
		030BF6A91AD3080800F804C5 /* Model.xcdatamodeld */ = {
			isa = XCVersionGroup;
			children = (
				030BF6AA1AD3080800F804C5 /* Model.xcdatamodel */,
			);
			currentVersion = 030BF6AA1AD3080800F804C5 /* Model.xcdatamodel */;
			path = Model.xcdatamodeld;
			sourceTree = "<group>";
			versionGroupType = wrapper.xcdatamodel;
		};
/* End XCVersionGroup section */
	};
	rootObject = 03CE354D1AD2A6E30082AB52 /* Project object */;
}
